
Microsoft Visual Studio Solution File, Format Version 12.00
# Visual Studio 15
Project("{FAE04EC0-301F-11D3-BF4B-00C04F79EFBC}") = "AccessibilityScroll.Android", "AccessibilityScroll.Android\AccessibilityScroll.Android.csproj", "{BCC4EE53-7879-455E-8D57-355A38115798}"
EndProject
Project("{FAE04EC0-301F-11D3-BF4B-00C04F79EFBC}") = "AccessibilityScroll.iOS", "AccessibilityScroll.iOS\AccessibilityScroll.iOS.csproj", "{228A3F13-894B-4503-A777-C5E42A093D9D}"
EndProject
Project("{FAE04EC0-301F-11D3-BF4B-00C04F79EFBC}") = "AccessibilityScroll", "AccessibilityScroll\AccessibilityScroll.csproj", "{B17FD1DA-A03E-4347-AA32-6516C0495D58}"
EndProject
Global
	GlobalSection(SolutionConfigurationPlatforms) = preSolution
		Debug|Any CPU = Debug|Any CPU
		Release|Any CPU = Release|Any CPU
		Debug|iPhoneSimulator = Debug|iPhoneSimulator
		Release|iPhoneSimulator = Release|iPhoneSimulator
		Debug|iPhone = Debug|iPhone
		Release|iPhone = Release|iPhone
	EndGlobalSection
	GlobalSection(ProjectConfigurationPlatforms) = postSolution
		{BCC4EE53-7879-455E-8D57-355A38115798}.Debug|Any CPU.ActiveCfg = Debug|Any CPU
		{BCC4EE53-7879-455E-8D57-355A38115798}.Debug|Any CPU.Build.0 = Debug|Any CPU
		{BCC4EE53-7879-455E-8D57-355A38115798}.Release|Any CPU.ActiveCfg = Release|Any CPU
		{BCC4EE53-7879-455E-8D57-355A38115798}.Release|Any CPU.Build.0 = Release|Any CPU
		{BCC4EE53-7879-455E-8D57-355A38115798}.Debug|iPhoneSimulator.ActiveCfg = Debug|Any CPU
		{BCC4EE53-7879-455E-8D57-355A38115798}.Debug|iPhoneSimulator.Build.0 = Debug|Any CPU
		{BCC4EE53-7879-455E-8D57-355A38115798}.Release|iPhoneSimulator.ActiveCfg = Release|Any CPU
		{BCC4EE53-7879-455E-8D57-355A38115798}.Release|iPhoneSimulator.Build.0 = Release|Any CPU
		{BCC4EE53-7879-455E-8D57-355A38115798}.Debug|iPhone.ActiveCfg = Debug|Any CPU
		{BCC4EE53-7879-455E-8D57-355A38115798}.Debug|iPhone.Build.0 = Debug|Any CPU
		{BCC4EE53-7879-455E-8D57-355A38115798}.Release|iPhone.ActiveCfg = Release|Any CPU
		{BCC4EE53-7879-455E-8D57-355A38115798}.Release|iPhone.Build.0 = Release|Any CPU
		{228A3F13-894B-4503-A777-C5E42A093D9D}.Debug|Any CPU.ActiveCfg = Debug|iPhoneSimulator
		{228A3F13-894B-4503-A777-C5E42A093D9D}.Debug|Any CPU.Build.0 = Debug|iPhoneSimulator
		{228A3F13-894B-4503-A777-C5E42A093D9D}.Release|Any CPU.ActiveCfg = Release|iPhoneSimulator
		{228A3F13-894B-4503-A777-C5E42A093D9D}.Release|Any CPU.Build.0 = Release|iPhoneSimulator
		{228A3F13-894B-4503-A777-C5E42A093D9D}.Debug|iPhoneSimulator.ActiveCfg = Debug|iPhoneSimulator
		{228A3F13-894B-4503-A777-C5E42A093D9D}.Debug|iPhoneSimulator.Build.0 = Debug|iPhoneSimulator
		{228A3F13-894B-4503-A777-C5E42A093D9D}.Release|iPhoneSimulator.ActiveCfg = Release|iPhoneSimulator
		{228A3F13-894B-4503-A777-C5E42A093D9D}.Release|iPhoneSimulator.Build.0 = Release|iPhoneSimulator
		{228A3F13-894B-4503-A777-C5E42A093D9D}.Debug|iPhone.ActiveCfg = Debug|iPhone
		{228A3F13-894B-4503-A777-C5E42A093D9D}.Debug|iPhone.Build.0 = Debug|iPhone
		{228A3F13-894B-4503-A777-C5E42A093D9D}.Release|iPhone.ActiveCfg = Release|iPhone
		{228A3F13-894B-4503-A777-C5E42A093D9D}.Release|iPhone.Build.0 = Release|iPhone
		{B17FD1DA-A03E-4347-AA32-6516C0495D58}.Debug|Any CPU.ActiveCfg = Debug|Any CPU
		{B17FD1DA-A03E-4347-AA32-6516C0495D58}.Debug|Any CPU.Build.0 = Debug|Any CPU
		{B17FD1DA-A03E-4347-AA32-6516C0495D58}.Release|Any CPU.ActiveCfg = Release|Any CPU
		{B17FD1DA-A03E-4347-AA32-6516C0495D58}.Release|Any CPU.Build.0 = Release|Any CPU
		{B17FD1DA-A03E-4347-AA32-6516C0495D58}.Debug|iPhoneSimulator.ActiveCfg = Debug|Any CPU
		{B17FD1DA-A03E-4347-AA32-6516C0495D58}.Debug|iPhoneSimulator.Build.0 = Debug|Any CPU
		{B17FD1DA-A03E-4347-AA32-6516C0495D58}.Release|iPhoneSimulator.ActiveCfg = Release|Any CPU
		{B17FD1DA-A03E-4347-AA32-6516C0495D58}.Release|iPhoneSimulator.Build.0 = Release|Any CPU
		{B17FD1DA-A03E-4347-AA32-6516C0495D58}.Debug|iPhone.ActiveCfg = Debug|Any CPU
		{B17FD1DA-A03E-4347-AA32-6516C0495D58}.Debug|iPhone.Build.0 = Debug|Any CPU
		{B17FD1DA-A03E-4347-AA32-6516C0495D58}.Release|iPhone.ActiveCfg = Release|Any CPU
		{B17FD1DA-A03E-4347-AA32-6516C0495D58}.Release|iPhone.Build.0 = Release|Any CPU
	EndGlobalSection
EndGlobal
